
Microsoft Visual Studio Solution File, Format Version 12.00
# Visual Studio Version 17
VisualStudioVersion = 17.3.32901.215
MinimumVisualStudioVersion = 10.0.40219.1
Project("{FAE04EC0-301F-11D3-BF4B-00C04F79EFBC}") = "lab_5_uspadkuvannya", "lab_5_uspadkuvannya.csproj", "{98D6DEEE-2EC0-449A-8B38-4B82D620931E}"
EndProject
Global
	GlobalSection(SolutionConfigurationPlatforms) = preSolution
		Debug|Any CPU = Debug|Any CPU
		Release|Any CPU = Release|Any CPU
	EndGlobalSection
	GlobalSection(ProjectConfigurationPlatforms) = postSolution
		{98D6DEEE-2EC0-449A-8B38-4B82D620931E}.Debug|Any CPU.ActiveCfg = Debug|Any CPU
		{98D6DEEE-2EC0-449A-8B38-4B82D620931E}.Debug|Any CPU.Build.0 = Debug|Any CPU
		{98D6DEEE-2EC0-449A-8B38-4B82D620931E}.Release|Any CPU.ActiveCfg = Release|Any CPU
		{98D6DEEE-2EC0-449A-8B38-4B82D620931E}.Release|Any CPU.Build.0 = Release|Any CPU
	EndGlobalSection
	GlobalSection(SolutionProperties) = preSolution
		HideSolutionNode = FALSE
	EndGlobalSection
	GlobalSection(ExtensibilityGlobals) = postSolution
		SolutionGuid = {204341DE-B0D3-4107-85AC-FC1DFBEF8F71}
	EndGlobalSection
EndGlobal
